// !$*UTF8*$!
{
	archiveVersion = 1;
	classes = {
	};
	objectVersion = 46;
	objects = {

/* Begin PBXBuildFile section */
		FAC308461BA2293C006318BB /* ForecastService.swift in Sources */ = {isa = PBXBuildFile; fileRef = FAC308451BA2293C006318BB /* ForecastService.swift */; };
		FAC308AF1BA27307006318BB /* Images.xcassets in Resources */ = {isa = PBXBuildFile; fileRef = FAC308AE1BA27307006318BB /* Images.xcassets */; };
		FAEDE00F1B9796D10058B606 /* AppDelegate.swift in Sources */ = {isa = PBXBuildFile; fileRef = FAEDE00E1B9796D10058B606 /* AppDelegate.swift */; };
		FAEDE0111B9796D10058B606 /* ViewController.swift in Sources */ = {isa = PBXBuildFile; fileRef = FAEDE0101B9796D10058B606 /* ViewController.swift */; };
		FAEDE0141B9796D10058B606 /* Main.storyboard in Resources */ = {isa = PBXBuildFile; fileRef = FAEDE0121B9796D10058B606 /* Main.storyboard */; };
		FAEDE0191B9796D10058B606 /* LaunchScreen.xib in Resources */ = {isa = PBXBuildFile; fileRef = FAEDE0171B9796D10058B606 /* LaunchScreen.xib */; };
		FAEDE0251B9796D10058B606 /* StormyTests.swift in Sources */ = {isa = PBXBuildFile; fileRef = FAEDE0241B9796D10058B606 /* StormyTests.swift */; };
		FAEDE0311B9797960058B606 /* CurrentWeather.plist in Resources */ = {isa = PBXBuildFile; fileRef = FAEDE0301B9797960058B606 /* CurrentWeather.plist */; };
		FAEDE0331B97981B0058B606 /* CurrentWeather.swift in Sources */ = {isa = PBXBuildFile; fileRef = FAEDE0321B97981B0058B606 /* CurrentWeather.swift */; };
		FAEDE0351B97C3500058B606 /* NetworkOperation.swift in Sources */ = {isa = PBXBuildFile; fileRef = FAEDE0341B97C3500058B606 /* NetworkOperation.swift */; };
/* End PBXBuildFile section */

/* Begin PBXContainerItemProxy section */
		FAEDE01F1B9796D10058B606 /* PBXContainerItemProxy */ = {
			isa = PBXContainerItemProxy;
			containerPortal = FAEDE0011B9796D10058B606 /* Project object */;
			proxyType = 1;
			remoteGlobalIDString = FAEDE0081B9796D10058B606;
			remoteInfo = Stormy;
		};
/* End PBXContainerItemProxy section */

/* Begin PBXFileReference section */
		FAC308451BA2293C006318BB /* ForecastService.swift */ = {isa = PBXFileReference; fileEncoding = 4; lastKnownFileType = sourcecode.swift; path = ForecastService.swift; sourceTree = "<group>"; };
		FAC308AE1BA27307006318BB /* Images.xcassets */ = {isa = PBXFileReference; lastKnownFileType = folder.assetcatalog; path = Images.xcassets; sourceTree = "<group>"; };
		FAEDE0091B9796D10058B606 /* Stormy.app */ = {isa = PBXFileReference; explicitFileType = wrapper.application; includeInIndex = 0; path = Stormy.app; sourceTree = BUILT_PRODUCTS_DIR; };
		FAEDE00D1B9796D10058B606 /* Info.plist */ = {isa = PBXFileReference; lastKnownFileType = text.plist.xml; path = Info.plist; sourceTree = "<group>"; };
		FAEDE00E1B9796D10058B606 /* AppDelegate.swift */ = {isa = PBXFileReference; lastKnownFileType = sourcecode.swift; path = AppDelegate.swift; sourceTree = "<group>"; };
		FAEDE0101B9796D10058B606 /* ViewController.swift */ = {isa = PBXFileReference; lastKnownFileType = sourcecode.swift; path = ViewController.swift; sourceTree = "<group>"; };
		FAEDE0131B9796D10058B606 /* Base */ = {isa = PBXFileReference; lastKnownFileType = file.storyboard; name = Base; path = Base.lproj/Main.storyboard; sourceTree = "<group>"; };
		FAEDE0181B9796D10058B606 /* Base */ = {isa = PBXFileReference; lastKnownFileType = file.xib; name = Base; path = Base.lproj/LaunchScreen.xib; sourceTree = "<group>"; };
		FAEDE01E1B9796D10058B606 /* StormyTests.xctest */ = {isa = PBXFileReference; explicitFileType = wrapper.cfbundle; includeInIndex = 0; path = StormyTests.xctest; sourceTree = BUILT_PRODUCTS_DIR; };
		FAEDE0231B9796D10058B606 /* Info.plist */ = {isa = PBXFileReference; lastKnownFileType = text.plist.xml; path = Info.plist; sourceTree = "<group>"; };
		FAEDE0241B9796D10058B606 /* StormyTests.swift */ = {isa = PBXFileReference; lastKnownFileType = sourcecode.swift; path = StormyTests.swift; sourceTree = "<group>"; };
		FAEDE0301B9797960058B606 /* CurrentWeather.plist */ = {isa = PBXFileReference; fileEncoding = 4; lastKnownFileType = text.plist.xml; name = CurrentWeather.plist; path = ../../../Downloads/CurrentWeather.plist; sourceTree = "<group>"; };
		FAEDE0321B97981B0058B606 /* CurrentWeather.swift */ = {isa = PBXFileReference; fileEncoding = 4; lastKnownFileType = sourcecode.swift; path = CurrentWeather.swift; sourceTree = "<group>"; };
		FAEDE0341B97C3500058B606 /* NetworkOperation.swift */ = {isa = PBXFileReference; fileEncoding = 4; lastKnownFileType = sourcecode.swift; name = NetworkOperation.swift; path = ../NetworkOperation.swift; sourceTree = "<group>"; };
/* End PBXFileReference section */

/* Begin PBXFrameworksBuildPhase section */
		FAEDE0061B9796D10058B606 /* Frameworks */ = {
			isa = PBXFrameworksBuildPhase;
			buildActionMask = 2147483647;
			files = (
			);
			runOnlyForDeploymentPostprocessing = 0;
		};
		FAEDE01B1B9796D10058B606 /* Frameworks */ = {
			isa = PBXFrameworksBuildPhase;
			buildActionMask = 2147483647;
			files = (
			);
			runOnlyForDeploymentPostprocessing = 0;
		};
/* End PBXFrameworksBuildPhase section */

/* Begin PBXGroup section */
		FAEDE0001B9796D10058B606 = {
			isa = PBXGroup;
			children = (
				FAEDE00B1B9796D10058B606 /* Stormy */,
				FAEDE0211B9796D10058B606 /* StormyTests */,
				FAEDE00A1B9796D10058B606 /* Products */,
			);
			sourceTree = "<group>";
		};
		FAEDE00A1B9796D10058B606 /* Products */ = {
			isa = PBXGroup;
			children = (
				FAEDE0091B9796D10058B606 /* Stormy.app */,
				FAEDE01E1B9796D10058B606 /* StormyTests.xctest */,
			);
			name = Products;
			sourceTree = "<group>";
		};
		FAEDE00B1B9796D10058B606 /* Stormy */ = {
			isa = PBXGroup;
			children = (
				FAEDE0341B97C3500058B606 /* NetworkOperation.swift */,
				FAEDE0321B97981B0058B606 /* CurrentWeather.swift */,
				FAEDE00E1B9796D10058B606 /* AppDelegate.swift */,
				FAEDE0101B9796D10058B606 /* ViewController.swift */,
				FAC308451BA2293C006318BB /* ForecastService.swift */,
				FAEDE0121B9796D10058B606 /* Main.storyboard */,
				FAC308AE1BA27307006318BB /* Images.xcassets */,
				FAEDE0171B9796D10058B606 /* LaunchScreen.xib */,
				FAEDE00C1B9796D10058B606 /* Supporting Files */,
			);
			path = Stormy;
			sourceTree = "<group>";
		};
		FAEDE00C1B9796D10058B606 /* Supporting Files */ = {
			isa = PBXGroup;
			children = (
				FAEDE00D1B9796D10058B606 /* Info.plist */,
				FAEDE0301B9797960058B606 /* CurrentWeather.plist */,
			);
			name = "Supporting Files";
			sourceTree = "<group>";
		};
		FAEDE0211B9796D10058B606 /* StormyTests */ = {
			isa = PBXGroup;
			children = (
				FAEDE0241B9796D10058B606 /* StormyTests.swift */,
				FAEDE0221B9796D10058B606 /* Supporting Files */,
			);
			path = StormyTests;
			sourceTree = "<group>";
		};
		FAEDE0221B9796D10058B606 /* Supporting Files */ = {
			isa = PBXGroup;
			children = (
				FAEDE0231B9796D10058B606 /* Info.plist */,
			);
			name = "Supporting Files";
			sourceTree = "<group>";
		};
/* End PBXGroup section */

/* Begin PBXNativeTarget section */
		FAEDE0081B9796D10058B606 /* Stormy */ = {
			isa = PBXNativeTarget;
			buildConfigurationList = FAEDE0281B9796D10058B606 /* Build configuration list for PBXNativeTarget "Stormy" */;
			buildPhases = (
				FAEDE0051B9796D10058B606 /* Sources */,
				FAEDE0061B9796D10058B606 /* Frameworks */,
				FAEDE0071B9796D10058B606 /* Resources */,
			);
			buildRules = (
			);
			dependencies = (
			);
			name = Stormy;
			productName = Stormy;
			productReference = FAEDE0091B9796D10058B606 /* Stormy.app */;
			productType = "com.apple.product-type.application";
		};
		FAEDE01D1B9796D10058B606 /* StormyTests */ = {
			isa = PBXNativeTarget;
			buildConfigurationList = FAEDE02B1B9796D10058B606 /* Build configuration list for PBXNativeTarget "StormyTests" */;
			buildPhases = (
				FAEDE01A1B9796D10058B606 /* Sources */,
				FAEDE01B1B9796D10058B606 /* Frameworks */,
				FAEDE01C1B9796D10058B606 /* Resources */,
			);
			buildRules = (
			);
			dependencies = (
				FAEDE0201B9796D10058B606 /* PBXTargetDependency */,
			);
			name = StormyTests;
			productName = StormyTests;
			productReference = FAEDE01E1B9796D10058B606 /* StormyTests.xctest */;
			productType = "com.apple.product-type.bundle.unit-test";
		};
/* End PBXNativeTarget section */

/* Begin PBXProject section */
		FAEDE0011B9796D10058B606 /* Project object */ = {
			isa = PBXProject;
			attributes = {
				LastUpgradeCheck = 0640;
				ORGANIZATIONNAME = Alex;
				TargetAttributes = {
					FAEDE0081B9796D10058B606 = {
						CreatedOnToolsVersion = 6.4;
					};
					FAEDE01D1B9796D10058B606 = {
						CreatedOnToolsVersion = 6.4;
						TestTargetID = FAEDE0081B9796D10058B606;
					};
				};
			};
			buildConfigurationList = FAEDE0041B9796D10058B606 /* Build configuration list for PBXProject "Stormy" */;
			compatibilityVersion = "Xcode 3.2";
			developmentRegion = English;
			hasScannedForEncodings = 0;
			knownRegions = (
				en,
				Base,
			);
			mainGroup = FAEDE0001B9796D10058B606;
			productRefGroup = FAEDE00A1B9796D10058B606 /* Products */;
			projectDirPath = "";
			projectRoot = "";
			targets = (
				FAEDE0081B9796D10058B606 /* Stormy */,
				FAEDE01D1B9796D10058B606 /* StormyTests */,
			);
		};
/* End PBXProject section */

/* Begin PBXResourcesBuildPhase section */
		FAEDE0071B9796D10058B606 /* Resources */ = {
			isa = PBXResourcesBuildPhase;
			buildActionMask = 2147483647;
			files = (
				FAEDE0141B9796D10058B606 /* Main.storyboard in Resources */,
				FAEDE0191B9796D10058B606 /* LaunchScreen.xib in Resources */,
				FAEDE0311B9797960058B606 /* CurrentWeather.plist in Resources */,
				FAC308AF1BA27307006318BB /* Images.xcassets in Resources */,
			);
			runOnlyForDeploymentPostprocessing = 0;
		};
		FAEDE01C1B9796D10058B606 /* Resources */ = {
			isa = PBXResourcesBuildPhase;
			buildActionMask = 2147483647;
			files = (
			);
			runOnlyForDeploymentPostprocessing = 0;
		};
/* End PBXResourcesBuildPhase section */

/* Begin PBXSourcesBuildPhase section */
		FAEDE0051B9796D10058B606 /* Sources */ = {
			isa = PBXSourcesBuildPhase;
			buildActionMask = 2147483647;
			files = (
				FAEDE0351B97C3500058B606 /* NetworkOperation.swift in Sources */,
				FAEDE0111B9796D10058B606 /* ViewController.swift in Sources */,
				FAEDE0331B97981B0058B606 /* CurrentWeather.swift in Sources */,
				FAC308461BA2293C006318BB /* ForecastService.swift in Sources */,
				FAEDE00F1B9796D10058B606 /* AppDelegate.swift in Sources */,
			);
			runOnlyForDeploymentPostprocessing = 0;
		};
		FAEDE01A1B9796D10058B606 /* Sources */ = {
			isa = PBXSourcesBuildPhase;
			buildActionMask = 2147483647;
			files = (
				FAEDE0251B9796D10058B606 /* StormyTests.swift in Sources */,
			);
			runOnlyForDeploymentPostprocessing = 0;
		};
/* End PBXSourcesBuildPhase section */

/* Begin PBXTargetDependency section */
		FAEDE0201B9796D10058B606 /* PBXTargetDependency */ = {
			isa = PBXTargetDependency;
			target = FAEDE0081B9796D10058B606 /* Stormy */;
			targetProxy = FAEDE01F1B9796D10058B606 /* PBXContainerItemProxy */;
		};
/* End PBXTargetDependency section */

/* Begin PBXVariantGroup section */
		FAEDE0121B9796D10058B606 /* Main.storyboard */ = {
			isa = PBXVariantGroup;
			children = (
				FAEDE0131B9796D10058B606 /* Base */,
			);
			name = Main.storyboard;
			sourceTree = "<group>";
		};
		FAEDE0171B9796D10058B606 /* LaunchScreen.xib */ = {
			isa = PBXVariantGroup;
			children = (
				FAEDE0181B9796D10058B606 /* Base */,
			);
			name = LaunchScreen.xib;
			sourceTree = "<group>";
		};
/* End PBXVariantGroup section */

/* Begin XCBuildConfiguration section */
		FAEDE0261B9796D10058B606 /* Debug */ = {
			isa = XCBuildConfiguration;
			buildSettings = {
				ALWAYS_SEARCH_USER_PATHS = NO;
				CLANG_CXX_LANGUAGE_STANDARD = "gnu++0x";
				CLANG_CXX_LIBRARY = "libc++";
				CLANG_ENABLE_MODULES = YES;
				CLANG_ENABLE_OBJC_ARC = YES;
				CLANG_WARN_BOOL_CONVERSION = YES;
				CLANG_WARN_CONSTANT_CONVERSION = YES;
				CLANG_WARN_DIRECT_OBJC_ISA_USAGE = YES_ERROR;
				CLANG_WARN_EMPTY_BODY = YES;
				CLANG_WARN_ENUM_CONVERSION = YES;
				CLANG_WARN_INT_CONVERSION = YES;
				CLANG_WARN_OBJC_ROOT_CLASS = YES_ERROR;
				CLANG_WARN_UNREACHABLE_CODE = YES;
				CLANG_WARN__DUPLICATE_METHOD_MATCH = YES;
				"CODE_SIGN_IDENTITY[sdk=iphoneos*]" = "iPhone Developer";
				COPY_PHASE_STRIP = NO;
				DEBUG_INFORMATION_FORMAT = "dwarf-with-dsym";
				ENABLE_STRICT_OBJC_MSGSEND = YES;
				GCC_C_LANGUAGE_STANDARD = gnu99;
				GCC_DYNAMIC_NO_PIC = NO;
				GCC_NO_COMMON_BLOCKS = YES;
				GCC_OPTIMIZATION_LEVEL = 0;
				GCC_PREPROCESSOR_DEFINITIONS = (
					"DEBUG=1",
					"$(inherited)",
				);
				GCC_SYMBOLS_PRIVATE_EXTERN = NO;
				GCC_WARN_64_TO_32_BIT_CONVERSION = YES;
				GCC_WARN_ABOUT_RETURN_TYPE = YES_ERROR;
				GCC_WARN_UNDECLARED_SELECTOR = YES;
				GCC_WARN_UNINITIALIZED_AUTOS = YES_AGGRESSIVE;
				GCC_WARN_UNUSED_FUNCTION = YES;
				GCC_WARN_UNUSED_VARIABLE = YES;
				IPHONEOS_DEPLOYMENT_TARGET = 8.4;
				MTL_ENABLE_DEBUG_INFO = YES;
				ONLY_ACTIVE_ARCH = YES;
				SDKROOT = iphoneos;
				SWIFT_OPTIMIZATION_LEVEL = "-Onone";
			};
			name = Debug;
		};
		FAEDE0271B9796D10058B606 /* Release */ = {
			isa = XCBuildConfiguration;
			buildSettings = {
				ALWAYS_SEARCH_USER_PATHS = NO;
				CLANG_CXX_LANGUAGE_STANDARD = "gnu++0x";
				CLANG_CXX_LIBRARY = "libc++";
				CLANG_ENABLE_MODULES = YES;
				CLANG_ENABLE_OBJC_ARC = YES;
				CLANG_WARN_BOOL_CONVERSION = YES;
				CLANG_WARN_CONSTANT_CONVERSION = YES;
				CLANG_WARN_DIRECT_OBJC_ISA_USAGE = YES_ERROR;
				CLANG_WARN_EMPTY_BODY = YES;
				CLANG_WARN_ENUM_CONVERSION = YES;
				CLANG_WARN_INT_CONVERSION = YES;
				CLANG_WARN_OBJC_ROOT_CLASS = YES_ERROR;
				CLANG_WARN_UNREACHABLE_CODE = YES;
				CLANG_WARN__DUPLICATE_METHOD_MATCH = YES;
				"CODE_SIGN_IDENTITY[sdk=iphoneos*]" = "iPhone Developer";
				COPY_PHASE_STRIP = NO;
				DEBUG_INFORMATION_FORMAT = "dwarf-with-dsym";
				ENABLE_NS_ASSERTIONS = NO;
				ENABLE_STRICT_OBJC_MSGSEND = YES;
				GCC_C_LANGUAGE_STANDARD = gnu99;
				GCC_NO_COMMON_BLOCKS = YES;
				GCC_WARN_64_TO_32_BIT_CONVERSION = YES;
				GCC_WARN_ABOUT_RETURN_TYPE = YES_ERROR;
				GCC_WARN_UNDECLARED_SELECTOR = YES;
				GCC_WARN_UNINITIALIZED_AUTOS = YES_AGGRESSIVE;
				GCC_WARN_UNUSED_FUNCTION = YES;
				GCC_WARN_UNUSED_VARIABLE = YES;
				IPHONEOS_DEPLOYMENT_TARGET = 8.4;
				MTL_ENABLE_DEBUG_INFO = NO;
				SDKROOT = iphoneos;
				VALIDATE_PRODUCT = YES;
			};
			name = Release;
		};
		FAEDE0291B9796D10058B606 /* Debug */ = {
			isa = XCBuildConfiguration;
			buildSettings = {
				ASSETCATALOG_COMPILER_APPICON_NAME = AppIcon;
				INFOPLIST_FILE = Stormy/Info.plist;
				LD_RUNPATH_SEARCH_PATHS = "$(inherited) @executable_path/Frameworks";
				PRODUCT_NAME = "$(TARGET_NAME)";
			};
			name = Debug;
		};
		FAEDE02A1B9796D10058B606 /* Release */ = {
			isa = XCBuildConfiguration;
			buildSettings = {
				ASSETCATALOG_COMPILER_APPICON_NAME = AppIcon;
				INFOPLIST_FILE = Stormy/Info.plist;
				LD_RUNPATH_SEARCH_PATHS = "$(inherited) @executable_path/Frameworks";
				PRODUCT_NAME = "$(TARGET_NAME)";
			};
			name = Release;
		};
		FAEDE02C1B9796D10058B606 /* Debug */ = {
			isa = XCBuildConfiguration;
			buildSettings = {
				BUNDLE_LOADER = "$(TEST_HOST)";
				FRAMEWORK_SEARCH_PATHS = (
					"$(SDKROOT)/Developer/Library/Frameworks",
					"$(inherited)",
				);
				GCC_PREPROCESSOR_DEFINITIONS = (
					"DEBUG=1",
					"$(inherited)",
				);
				INFOPLIST_FILE = StormyTests/Info.plist;
				LD_RUNPATH_SEARCH_PATHS = "$(inherited) @executable_path/Frameworks @loader_path/Frameworks";
				PRODUCT_NAME = "$(TARGET_NAME)";
				TEST_HOST = "$(BUILT_PRODUCTS_DIR)/Stormy.app/Stormy";
			};
			name = Debug;
		};
		FAEDE02D1B9796D10058B606 /* Release */ = {
			isa = XCBuildConfiguration;
			buildSettings = {
				BUNDLE_LOADER = "$(TEST_HOST)";
				FRAMEWORK_SEARCH_PATHS = (
					"$(SDKROOT)/Developer/Library/Frameworks",
					"$(inherited)",
				);
				INFOPLIST_FILE = StormyTests/Info.plist;
				LD_RUNPATH_SEARCH_PATHS = "$(inherited) @executable_path/Frameworks @loader_path/Frameworks";
				PRODUCT_NAME = "$(TARGET_NAME)";
				TEST_HOST = "$(BUILT_PRODUCTS_DIR)/Stormy.app/Stormy";
			};
			name = Release;
		};
/* End XCBuildConfiguration section */

/* Begin XCConfigurationList section */
		FAEDE0041B9796D10058B606 /* Build configuration list for PBXProject "Stormy" */ = {
			isa = XCConfigurationList;
			buildConfigurations = (
				FAEDE0261B9796D10058B606 /* Debug */,
				FAEDE0271B9796D10058B606 /* Release */,
			);
			defaultConfigurationIsVisible = 0;
			defaultConfigurationName = Release;
		};
		FAEDE0281B9796D10058B606 /* Build configuration list for PBXNativeTarget "Stormy" */ = {
			isa = XCConfigurationList;
			buildConfigurations = (
				FAEDE0291B9796D10058B606 /* Debug */,
				FAEDE02A1B9796D10058B606 /* Release */,
			);
			defaultConfigurationIsVisible = 0;
			defaultConfigurationName = Release;
		};
		FAEDE02B1B9796D10058B606 /* Build configuration list for PBXNativeTarget "StormyTests" */ = {
			isa = XCConfigurationList;
			buildConfigurations = (
				FAEDE02C1B9796D10058B606 /* Debug */,
				FAEDE02D1B9796D10058B606 /* Release */,
			);
			defaultConfigurationIsVisible = 0;
			defaultConfigurationName = Release;
		};
/* End XCConfigurationList section */
	};
	rootObject = FAEDE0011B9796D10058B606 /* Project object */;
}
